
Microsoft Visual Studio Solution File, Format Version 12.00
# Visual Studio Version 16
VisualStudioVersion = 16.0.29519.161
MinimumVisualStudioVersion = 10.0.40219.1
Project("{FAE04EC0-301F-11D3-BF4B-00C04F79EFBC}") = "XFAnimePractice.Android", "XFAnimePractice\XFAnimePractice.Android\XFAnimePractice.Android.csproj", "{1922AA6E-6C9A-4706-AEC3-1AD77C28067C}"
EndProject
Project("{FAE04EC0-301F-11D3-BF4B-00C04F79EFBC}") = "XFAnimePractice", "XFAnimePractice\XFAnimePractice\XFAnimePractice.csproj", "{69A9F528-0C9C-454C-88D9-0DFF52AED7B1}"
EndProject
Global
	GlobalSection(SolutionConfigurationPlatforms) = preSolution
		Debug|Any CPU = Debug|Any CPU
		Release|Any CPU = Release|Any CPU
	EndGlobalSection
	GlobalSection(ProjectConfigurationPlatforms) = postSolution
		{1922AA6E-6C9A-4706-AEC3-1AD77C28067C}.Debug|Any CPU.ActiveCfg = Debug|Any CPU
		{1922AA6E-6C9A-4706-AEC3-1AD77C28067C}.Debug|Any CPU.Build.0 = Debug|Any CPU
		{1922AA6E-6C9A-4706-AEC3-1AD77C28067C}.Debug|Any CPU.Deploy.0 = Debug|Any CPU
		{1922AA6E-6C9A-4706-AEC3-1AD77C28067C}.Release|Any CPU.ActiveCfg = Release|Any CPU
		{1922AA6E-6C9A-4706-AEC3-1AD77C28067C}.Release|Any CPU.Build.0 = Release|Any CPU
		{1922AA6E-6C9A-4706-AEC3-1AD77C28067C}.Release|Any CPU.Deploy.0 = Release|Any CPU
		{69A9F528-0C9C-454C-88D9-0DFF52AED7B1}.Debug|Any CPU.ActiveCfg = Debug|Any CPU
		{69A9F528-0C9C-454C-88D9-0DFF52AED7B1}.Debug|Any CPU.Build.0 = Debug|Any CPU
		{69A9F528-0C9C-454C-88D9-0DFF52AED7B1}.Debug|Any CPU.Deploy.0 = Debug|Any CPU
		{69A9F528-0C9C-454C-88D9-0DFF52AED7B1}.Release|Any CPU.ActiveCfg = Release|Any CPU
		{69A9F528-0C9C-454C-88D9-0DFF52AED7B1}.Release|Any CPU.Build.0 = Release|Any CPU
		{69A9F528-0C9C-454C-88D9-0DFF52AED7B1}.Release|Any CPU.Deploy.0 = Release|Any CPU
	EndGlobalSection
	GlobalSection(SolutionProperties) = preSolution
		HideSolutionNode = FALSE
	EndGlobalSection
	GlobalSection(ExtensibilityGlobals) = postSolution
		SolutionGuid = {3B7E2BD6-B67A-4AB2-BC72-FE81FD137B31}
	EndGlobalSection
EndGlobal
